
Microsoft Visual Studio Solution File, Format Version 12.00
# Visual Studio Version 17
VisualStudioVersion = 17.1.32210.238
MinimumVisualStudioVersion = 10.0.40219.1
Project("{9A19103F-16F7-4668-BE54-9A1E7A4F7556}") = "ListCheck", "ListCheck\ListCheck.csproj", "{5BAB3E43-0F13-4A86-B4F2-64201304C64F}"
EndProject
Project("{FAE04EC0-301F-11D3-BF4B-00C04F79EFBC}") = "MyLists", "MyLists\MyLists.csproj", "{9D30E437-76AF-40AA-BAC8-969E85F31FFD}"
EndProject
Global
	GlobalSection(SolutionConfigurationPlatforms) = preSolution
		Debug|Any CPU = Debug|Any CPU
		Release|Any CPU = Release|Any CPU
	EndGlobalSection
	GlobalSection(ProjectConfigurationPlatforms) = postSolution
		{5BAB3E43-0F13-4A86-B4F2-64201304C64F}.Debug|Any CPU.ActiveCfg = Debug|Any CPU
		{5BAB3E43-0F13-4A86-B4F2-64201304C64F}.Debug|Any CPU.Build.0 = Debug|Any CPU
		{5BAB3E43-0F13-4A86-B4F2-64201304C64F}.Release|Any CPU.ActiveCfg = Release|Any CPU
		{5BAB3E43-0F13-4A86-B4F2-64201304C64F}.Release|Any CPU.Build.0 = Release|Any CPU
		{9D30E437-76AF-40AA-BAC8-969E85F31FFD}.Debug|Any CPU.ActiveCfg = Debug|Any CPU
		{9D30E437-76AF-40AA-BAC8-969E85F31FFD}.Debug|Any CPU.Build.0 = Debug|Any CPU
		{9D30E437-76AF-40AA-BAC8-969E85F31FFD}.Release|Any CPU.ActiveCfg = Release|Any CPU
		{9D30E437-76AF-40AA-BAC8-969E85F31FFD}.Release|Any CPU.Build.0 = Release|Any CPU
	EndGlobalSection
	GlobalSection(SolutionProperties) = preSolution
		HideSolutionNode = FALSE
	EndGlobalSection
	GlobalSection(ExtensibilityGlobals) = postSolution
		SolutionGuid = {4D615CFF-30C6-4EEF-A08E-79934E6EADFC}
	EndGlobalSection
EndGlobal
